// !$*UTF8*$!
{
	archiveVersion = 1;
	classes = {
	};
	objectVersion = 50;
	objects = {

/* Begin PBXBuildFile section */
		9A1958FF2435997A001C009A /* AppDelegate.swift in Sources */ = {isa = PBXBuildFile; fileRef = 9A1958FE2435997A001C009A /* AppDelegate.swift */; };
		9A1959012435997A001C009A /* SceneDelegate.swift in Sources */ = {isa = PBXBuildFile; fileRef = 9A1959002435997A001C009A /* SceneDelegate.swift */; };
		9A1959032435997A001C009A /* ViewController.swift in Sources */ = {isa = PBXBuildFile; fileRef = 9A1959022435997A001C009A /* ViewController.swift */; };
		9A1959062435997A001C009A /* Main.storyboard in Resources */ = {isa = PBXBuildFile; fileRef = 9A1959042435997A001C009A /* Main.storyboard */; };
		9A1959082435997C001C009A /* Assets.xcassets in Resources */ = {isa = PBXBuildFile; fileRef = 9A1959072435997C001C009A /* Assets.xcassets */; };
		9A19590B2435997C001C009A /* LaunchScreen.storyboard in Resources */ = {isa = PBXBuildFile; fileRef = 9A1959092435997C001C009A /* LaunchScreen.storyboard */; };
		9A195914243599AD001C009A /* Lg.swift in Sources */ = {isa = PBXBuildFile; fileRef = 9A195913243599AD001C009A /* Lg.swift */; };
		9A19591624359A08001C009A /* Lg+UIViewController.swift in Sources */ = {isa = PBXBuildFile; fileRef = 9A19591524359A08001C009A /* Lg+UIViewController.swift */; };
/* End PBXBuildFile section */

/* Begin PBXFileReference section */
		9A1958FB2435997A001C009A /* LgNamespace.app */ = {isa = PBXFileReference; explicitFileType = wrapper.application; includeInIndex = 0; path = LgNamespace.app; sourceTree = BUILT_PRODUCTS_DIR; };
		9A1958FE2435997A001C009A /* AppDelegate.swift */ = {isa = PBXFileReference; lastKnownFileType = sourcecode.swift; path = AppDelegate.swift; sourceTree = "<group>"; };
		9A1959002435997A001C009A /* SceneDelegate.swift */ = {isa = PBXFileReference; lastKnownFileType = sourcecode.swift; path = SceneDelegate.swift; sourceTree = "<group>"; };
		9A1959022435997A001C009A /* ViewController.swift */ = {isa = PBXFileReference; lastKnownFileType = sourcecode.swift; path = ViewController.swift; sourceTree = "<group>"; };
		9A1959052435997A001C009A /* Base */ = {isa = PBXFileReference; lastKnownFileType = file.storyboard; name = Base; path = Base.lproj/Main.storyboard; sourceTree = "<group>"; };
		9A1959072435997C001C009A /* Assets.xcassets */ = {isa = PBXFileReference; lastKnownFileType = folder.assetcatalog; path = Assets.xcassets; sourceTree = "<group>"; };
		9A19590A2435997C001C009A /* Base */ = {isa = PBXFileReference; lastKnownFileType = file.storyboard; name = Base; path = Base.lproj/LaunchScreen.storyboard; sourceTree = "<group>"; };
		9A19590C2435997C001C009A /* Info.plist */ = {isa = PBXFileReference; lastKnownFileType = text.plist.xml; path = Info.plist; sourceTree = "<group>"; };
		9A195913243599AD001C009A /* Lg.swift */ = {isa = PBXFileReference; lastKnownFileType = sourcecode.swift; path = Lg.swift; sourceTree = "<group>"; };
		9A19591524359A08001C009A /* Lg+UIViewController.swift */ = {isa = PBXFileReference; lastKnownFileType = sourcecode.swift; path = "Lg+UIViewController.swift"; sourceTree = "<group>"; };
/* End PBXFileReference section */

/* Begin PBXFrameworksBuildPhase section */
		9A1958F82435997A001C009A /* Frameworks */ = {
			isa = PBXFrameworksBuildPhase;
			buildActionMask = 2147483647;
			files = (
			);
			runOnlyForDeploymentPostprocessing = 0;
		};
/* End PBXFrameworksBuildPhase section */

/* Begin PBXGroup section */
		9A1958F22435997A001C009A = {
			isa = PBXGroup;
			children = (
				9A1958FD2435997A001C009A /* LgNamespace */,
				9A1958FC2435997A001C009A /* Products */,
			);
			sourceTree = "<group>";
		};
		9A1958FC2435997A001C009A /* Products */ = {
			isa = PBXGroup;
			children = (
				9A1958FB2435997A001C009A /* LgNamespace.app */,
			);
			name = Products;
			sourceTree = "<group>";
		};
		9A1958FD2435997A001C009A /* LgNamespace */ = {
			isa = PBXGroup;
			children = (
				9A1958FE2435997A001C009A /* AppDelegate.swift */,
				9A1959002435997A001C009A /* SceneDelegate.swift */,
				9A1959022435997A001C009A /* ViewController.swift */,
				9A195913243599AD001C009A /* Lg.swift */,
				9A19591524359A08001C009A /* Lg+UIViewController.swift */,
				9A1959042435997A001C009A /* Main.storyboard */,
				9A1959072435997C001C009A /* Assets.xcassets */,
				9A1959092435997C001C009A /* LaunchScreen.storyboard */,
				9A19590C2435997C001C009A /* Info.plist */,
			);
			path = LgNamespace;
			sourceTree = "<group>";
		};
/* End PBXGroup section */

/* Begin PBXNativeTarget section */
		9A1958FA2435997A001C009A /* LgNamespace */ = {
			isa = PBXNativeTarget;
			buildConfigurationList = 9A19590F2435997C001C009A /* Build configuration list for PBXNativeTarget "LgNamespace" */;
			buildPhases = (
				9A1958F72435997A001C009A /* Sources */,
				9A1958F82435997A001C009A /* Frameworks */,
				9A1958F92435997A001C009A /* Resources */,
			);
			buildRules = (
			);
			dependencies = (
			);
			name = LgNamespace;
			productName = LgNamespace;
			productReference = 9A1958FB2435997A001C009A /* LgNamespace.app */;
			productType = "com.apple.product-type.application";
		};
/* End PBXNativeTarget section */

/* Begin PBXProject section */
		9A1958F32435997A001C009A /* Project object */ = {
			isa = PBXProject;
			attributes = {
				LastSwiftUpdateCheck = 1140;
				LastUpgradeCheck = 1140;
				ORGANIZATIONNAME = "Guang Lei";
				TargetAttributes = {
					9A1958FA2435997A001C009A = {
						CreatedOnToolsVersion = 11.4;
					};
				};
			};
			buildConfigurationList = 9A1958F62435997A001C009A /* Build configuration list for PBXProject "LgNamespace" */;
			compatibilityVersion = "Xcode 9.3";
			developmentRegion = en;
			hasScannedForEncodings = 0;
			knownRegions = (
				en,
				Base,
			);
			mainGroup = 9A1958F22435997A001C009A;
			productRefGroup = 9A1958FC2435997A001C009A /* Products */;
			projectDirPath = "";
			projectRoot = "";
			targets = (
				9A1958FA2435997A001C009A /* LgNamespace */,
			);
		};
/* End PBXProject section */

/* Begin PBXResourcesBuildPhase section */
		9A1958F92435997A001C009A /* Resources */ = {
			isa = PBXResourcesBuildPhase;
			buildActionMask = 2147483647;
			files = (
				9A19590B2435997C001C009A /* LaunchScreen.storyboard in Resources */,
				9A1959082435997C001C009A /* Assets.xcassets in Resources */,
				9A1959062435997A001C009A /* Main.storyboard in Resources */,
			);
			runOnlyForDeploymentPostprocessing = 0;
		};
/* End PBXResourcesBuildPhase section */

/* Begin PBXSourcesBuildPhase section */
		9A1958F72435997A001C009A /* Sources */ = {
			isa = PBXSourcesBuildPhase;
			buildActionMask = 2147483647;
			files = (
				9A1959032435997A001C009A /* ViewController.swift in Sources */,
				9A19591624359A08001C009A /* Lg+UIViewController.swift in Sources */,
				9A1958FF2435997A001C009A /* AppDelegate.swift in Sources */,
				9A195914243599AD001C009A /* Lg.swift in Sources */,
				9A1959012435997A001C009A /* SceneDelegate.swift in Sources */,
			);
			runOnlyForDeploymentPostprocessing = 0;
		};
/* End PBXSourcesBuildPhase section */

/* Begin PBXVariantGroup section */
		9A1959042435997A001C009A /* Main.storyboard */ = {
			isa = PBXVariantGroup;
			children = (
				9A1959052435997A001C009A /* Base */,
			);
			name = Main.storyboard;
			sourceTree = "<group>";
		};
		9A1959092435997C001C009A /* LaunchScreen.storyboard */ = {
			isa = PBXVariantGroup;
			children = (
				9A19590A2435997C001C009A /* Base */,
			);
			name = LaunchScreen.storyboard;
			sourceTree = "<group>";
		};
/* End PBXVariantGroup section */

/* Begin XCBuildConfiguration section */
		9A19590D2435997C001C009A /* Debug */ = {
			isa = XCBuildConfiguration;
			buildSettings = {
				ALWAYS_SEARCH_USER_PATHS = NO;
				CLANG_ANALYZER_NONNULL = YES;
				CLANG_ANALYZER_NUMBER_OBJECT_CONVERSION = YES_AGGRESSIVE;
				CLANG_CXX_LANGUAGE_STANDARD = "gnu++14";
				CLANG_CXX_LIBRARY = "libc++";
				CLANG_ENABLE_MODULES = YES;
				CLANG_ENABLE_OBJC_ARC = YES;
				CLANG_ENABLE_OBJC_WEAK = YES;
				CLANG_WARN_BLOCK_CAPTURE_AUTORELEASING = YES;
				CLANG_WARN_BOOL_CONVERSION = YES;
				CLANG_WARN_COMMA = YES;
				CLANG_WARN_CONSTANT_CONVERSION = YES;
				CLANG_WARN_DEPRECATED_OBJC_IMPLEMENTATIONS = YES;
				CLANG_WARN_DIRECT_OBJC_ISA_USAGE = YES_ERROR;
				CLANG_WARN_DOCUMENTATION_COMMENTS = YES;
				CLANG_WARN_EMPTY_BODY = YES;
				CLANG_WARN_ENUM_CONVERSION = YES;
				CLANG_WARN_INFINITE_RECURSION = YES;
				CLANG_WARN_INT_CONVERSION = YES;
				CLANG_WARN_NON_LITERAL_NULL_CONVERSION = YES;
				CLANG_WARN_OBJC_IMPLICIT_RETAIN_SELF = YES;
				CLANG_WARN_OBJC_LITERAL_CONVERSION = YES;
				CLANG_WARN_OBJC_ROOT_CLASS = YES_ERROR;
				CLANG_WARN_RANGE_LOOP_ANALYSIS = YES;
				CLANG_WARN_STRICT_PROTOTYPES = YES;
				CLANG_WARN_SUSPICIOUS_MOVE = YES;
				CLANG_WARN_UNGUARDED_AVAILABILITY = YES_AGGRESSIVE;
				CLANG_WARN_UNREACHABLE_CODE = YES;
				CLANG_WARN__DUPLICATE_METHOD_MATCH = YES;
				COPY_PHASE_STRIP = NO;
				DEBUG_INFORMATION_FORMAT = dwarf;
				ENABLE_STRICT_OBJC_MSGSEND = YES;
				ENABLE_TESTABILITY = YES;
				GCC_C_LANGUAGE_STANDARD = gnu11;
				GCC_DYNAMIC_NO_PIC = NO;
				GCC_NO_COMMON_BLOCKS = YES;
				GCC_OPTIMIZATION_LEVEL = 0;
				GCC_PREPROCESSOR_DEFINITIONS = (
					"DEBUG=1",
					"$(inherited)",
				);
				GCC_WARN_64_TO_32_BIT_CONVERSION = YES;
				GCC_WARN_ABOUT_RETURN_TYPE = YES_ERROR;
				GCC_WARN_UNDECLARED_SELECTOR = YES;
				GCC_WARN_UNINITIALIZED_AUTOS = YES_AGGRESSIVE;
				GCC_WARN_UNUSED_FUNCTION = YES;
				GCC_WARN_UNUSED_VARIABLE = YES;
				IPHONEOS_DEPLOYMENT_TARGET = 13.4;
				MTL_ENABLE_DEBUG_INFO = INCLUDE_SOURCE;
				MTL_FAST_MATH = YES;
				ONLY_ACTIVE_ARCH = YES;
				SDKROOT = iphoneos;
				SWIFT_ACTIVE_COMPILATION_CONDITIONS = DEBUG;
				SWIFT_OPTIMIZATION_LEVEL = "-Onone";
			};
			name = Debug;
		};
		9A19590E2435997C001C009A /* Release */ = {
			isa = XCBuildConfiguration;
			buildSettings = {
				ALWAYS_SEARCH_USER_PATHS = NO;
				CLANG_ANALYZER_NONNULL = YES;
				CLANG_ANALYZER_NUMBER_OBJECT_CONVERSION = YES_AGGRESSIVE;
				CLANG_CXX_LANGUAGE_STANDARD = "gnu++14";
				CLANG_CXX_LIBRARY = "libc++";
				CLANG_ENABLE_MODULES = YES;
				CLANG_ENABLE_OBJC_ARC = YES;
				CLANG_ENABLE_OBJC_WEAK = YES;
				CLANG_WARN_BLOCK_CAPTURE_AUTORELEASING = YES;
				CLANG_WARN_BOOL_CONVERSION = YES;
				CLANG_WARN_COMMA = YES;
				CLANG_WARN_CONSTANT_CONVERSION = YES;
				CLANG_WARN_DEPRECATED_OBJC_IMPLEMENTATIONS = YES;
				CLANG_WARN_DIRECT_OBJC_ISA_USAGE = YES_ERROR;
				CLANG_WARN_DOCUMENTATION_COMMENTS = YES;
				CLANG_WARN_EMPTY_BODY = YES;
				CLANG_WARN_ENUM_CONVERSION = YES;
				CLANG_WARN_INFINITE_RECURSION = YES;
				CLANG_WARN_INT_CONVERSION = YES;
				CLANG_WARN_NON_LITERAL_NULL_CONVERSION = YES;
				CLANG_WARN_OBJC_IMPLICIT_RETAIN_SELF = YES;
				CLANG_WARN_OBJC_LITERAL_CONVERSION = YES;
				CLANG_WARN_OBJC_ROOT_CLASS = YES_ERROR;
				CLANG_WARN_RANGE_LOOP_ANALYSIS = YES;
				CLANG_WARN_STRICT_PROTOTYPES = YES;
				CLANG_WARN_SUSPICIOUS_MOVE = YES;
				CLANG_WARN_UNGUARDED_AVAILABILITY = YES_AGGRESSIVE;
				CLANG_WARN_UNREACHABLE_CODE = YES;
				CLANG_WARN__DUPLICATE_METHOD_MATCH = YES;
				COPY_PHASE_STRIP = NO;
				DEBUG_INFORMATION_FORMAT = "dwarf-with-dsym";
				ENABLE_NS_ASSERTIONS = NO;
				ENABLE_STRICT_OBJC_MSGSEND = YES;
				GCC_C_LANGUAGE_STANDARD = gnu11;
				GCC_NO_COMMON_BLOCKS = YES;
				GCC_WARN_64_TO_32_BIT_CONVERSION = YES;
				GCC_WARN_ABOUT_RETURN_TYPE = YES_ERROR;
				GCC_WARN_UNDECLARED_SELECTOR = YES;
				GCC_WARN_UNINITIALIZED_AUTOS = YES_AGGRESSIVE;
				GCC_WARN_UNUSED_FUNCTION = YES;
				GCC_WARN_UNUSED_VARIABLE = YES;
				IPHONEOS_DEPLOYMENT_TARGET = 13.4;
				MTL_ENABLE_DEBUG_INFO = NO;
				MTL_FAST_MATH = YES;
				SDKROOT = iphoneos;
				SWIFT_COMPILATION_MODE = wholemodule;
				SWIFT_OPTIMIZATION_LEVEL = "-O";
				VALIDATE_PRODUCT = YES;
			};
			name = Release;
		};
		9A1959102435997C001C009A /* Debug */ = {
			isa = XCBuildConfiguration;
			buildSettings = {
				ASSETCATALOG_COMPILER_APPICON_NAME = AppIcon;
				CODE_SIGN_STYLE = Automatic;
				DEVELOPMENT_TEAM = GYRWXBK8Y2;
				INFOPLIST_FILE = LgNamespace/Info.plist;
				LD_RUNPATH_SEARCH_PATHS = (
					"$(inherited)",
					"@executable_path/Frameworks",
				);
				PRODUCT_BUNDLE_IDENTIFIER = com.leiguang.LgNamespace;
				PRODUCT_NAME = "$(TARGET_NAME)";
				SWIFT_VERSION = 5.0;
				TARGETED_DEVICE_FAMILY = "1,2";
			};
			name = Debug;
		};
		9A1959112435997C001C009A /* Release */ = {
			isa = XCBuildConfiguration;
			buildSettings = {
				ASSETCATALOG_COMPILER_APPICON_NAME = AppIcon;
				CODE_SIGN_STYLE = Automatic;
				DEVELOPMENT_TEAM = GYRWXBK8Y2;
				INFOPLIST_FILE = LgNamespace/Info.plist;
				LD_RUNPATH_SEARCH_PATHS = (
					"$(inherited)",
					"@executable_path/Frameworks",
				);
				PRODUCT_BUNDLE_IDENTIFIER = com.leiguang.LgNamespace;
				PRODUCT_NAME = "$(TARGET_NAME)";
				SWIFT_VERSION = 5.0;
				TARGETED_DEVICE_FAMILY = "1,2";
			};
			name = Release;
		};
/* End XCBuildConfiguration section */

/* Begin XCConfigurationList section */
		9A1958F62435997A001C009A /* Build configuration list for PBXProject "LgNamespace" */ = {
			isa = XCConfigurationList;
			buildConfigurations = (
				9A19590D2435997C001C009A /* Debug */,
				9A19590E2435997C001C009A /* Release */,
			);
			defaultConfigurationIsVisible = 0;
			defaultConfigurationName = Release;
		};
		9A19590F2435997C001C009A /* Build configuration list for PBXNativeTarget "LgNamespace" */ = {
			isa = XCConfigurationList;
			buildConfigurations = (
				9A1959102435997C001C009A /* Debug */,
				9A1959112435997C001C009A /* Release */,
			);
			defaultConfigurationIsVisible = 0;
			defaultConfigurationName = Release;
		};
/* End XCConfigurationList section */
	};
	rootObject = 9A1958F32435997A001C009A /* Project object */;
}
